
Microsoft Visual Studio Solution File, Format Version 12.00
# Visual Studio Version 17
VisualStudioVersion = 17.3.32922.545
MinimumVisualStudioVersion = 10.0.40219.1
Project("{FAE04EC0-301F-11D3-BF4B-00C04F79EFBC}") = "ProjetEtudiant", "ProjetEtudiant.csproj", "{B18597B7-3E90-4A08-BD5B-C298FDF097BC}"
EndProject
Global
	GlobalSection(SolutionConfigurationPlatforms) = preSolution
		Debug|Any CPU = Debug|Any CPU
		Release|Any CPU = Release|Any CPU
	EndGlobalSection
	GlobalSection(ProjectConfigurationPlatforms) = postSolution
		{B18597B7-3E90-4A08-BD5B-C298FDF097BC}.Debug|Any CPU.ActiveCfg = Debug|Any CPU
		{B18597B7-3E90-4A08-BD5B-C298FDF097BC}.Debug|Any CPU.Build.0 = Debug|Any CPU
		{B18597B7-3E90-4A08-BD5B-C298FDF097BC}.Release|Any CPU.ActiveCfg = Release|Any CPU
		{B18597B7-3E90-4A08-BD5B-C298FDF097BC}.Release|Any CPU.Build.0 = Release|Any CPU
	EndGlobalSection
	GlobalSection(SolutionProperties) = preSolution
		HideSolutionNode = FALSE
	EndGlobalSection
	GlobalSection(ExtensibilityGlobals) = postSolution
		SolutionGuid = {5784E076-0208-4CB2-83CC-C856F3FE9896}
	EndGlobalSection
EndGlobal
